// !$*UTF8*$!
{
	archiveVersion = 1;
	classes = {
	};
	objectVersion = 46;
	objects = {

/* Begin PBXBuildFile section */
		041DA5DD1F04DC300009B642 /* AppDelegate.swift in Sources */ = {isa = PBXBuildFile; fileRef = 041DA5DC1F04DC300009B642 /* AppDelegate.swift */; };
		041DA5DF1F04DC300009B642 /* ViewController.swift in Sources */ = {isa = PBXBuildFile; fileRef = 041DA5DE1F04DC300009B642 /* ViewController.swift */; };
		041DA5E21F04DC300009B642 /* Main.storyboard in Resources */ = {isa = PBXBuildFile; fileRef = 041DA5E01F04DC300009B642 /* Main.storyboard */; };
		041DA5E41F04DC300009B642 /* Assets.xcassets in Resources */ = {isa = PBXBuildFile; fileRef = 041DA5E31F04DC300009B642 /* Assets.xcassets */; };
		041DA5E71F04DC300009B642 /* LaunchScreen.storyboard in Resources */ = {isa = PBXBuildFile; fileRef = 041DA5E51F04DC300009B642 /* LaunchScreen.storyboard */; };
/* End PBXBuildFile section */

/* Begin PBXFileReference section */
		041DA5D91F04DC300009B642 /* FoodTrackerDemo.app */ = {isa = PBXFileReference; explicitFileType = wrapper.application; includeInIndex = 0; path = FoodTrackerDemo.app; sourceTree = BUILT_PRODUCTS_DIR; };
		041DA5DC1F04DC300009B642 /* AppDelegate.swift */ = {isa = PBXFileReference; lastKnownFileType = sourcecode.swift; path = AppDelegate.swift; sourceTree = "<group>"; };
		041DA5DE1F04DC300009B642 /* ViewController.swift */ = {isa = PBXFileReference; lastKnownFileType = sourcecode.swift; path = ViewController.swift; sourceTree = "<group>"; };
		041DA5E11F04DC300009B642 /* Base */ = {isa = PBXFileReference; lastKnownFileType = file.storyboard; name = Base; path = Base.lproj/Main.storyboard; sourceTree = "<group>"; };
		041DA5E31F04DC300009B642 /* Assets.xcassets */ = {isa = PBXFileReference; lastKnownFileType = folder.assetcatalog; path = Assets.xcassets; sourceTree = "<group>"; };
		041DA5E61F04DC300009B642 /* Base */ = {isa = PBXFileReference; lastKnownFileType = file.storyboard; name = Base; path = Base.lproj/LaunchScreen.storyboard; sourceTree = "<group>"; };
		041DA5E81F04DC300009B642 /* Info.plist */ = {isa = PBXFileReference; lastKnownFileType = text.plist.xml; path = Info.plist; sourceTree = "<group>"; };
/* End PBXFileReference section */

/* Begin PBXFrameworksBuildPhase section */
		041DA5D61F04DC300009B642 /* Frameworks */ = {
			isa = PBXFrameworksBuildPhase;
			buildActionMask = 2147483647;
			files = (
			);
			runOnlyForDeploymentPostprocessing = 0;
		};
/* End PBXFrameworksBuildPhase section */

/* Begin PBXGroup section */
		041DA5D01F04DC300009B642 = {
			isa = PBXGroup;
			children = (
				041DA5DB1F04DC300009B642 /* FoodTrackerDemo */,
				041DA5DA1F04DC300009B642 /* Products */,
			);
			sourceTree = "<group>";
		};
		041DA5DA1F04DC300009B642 /* Products */ = {
			isa = PBXGroup;
			children = (
				041DA5D91F04DC300009B642 /* FoodTrackerDemo.app */,
			);
			name = Products;
			sourceTree = "<group>";
		};
		041DA5DB1F04DC300009B642 /* FoodTrackerDemo */ = {
			isa = PBXGroup;
			children = (
				041DA5DC1F04DC300009B642 /* AppDelegate.swift */,
				041DA5DE1F04DC300009B642 /* ViewController.swift */,
				041DA5E01F04DC300009B642 /* Main.storyboard */,
				041DA5E31F04DC300009B642 /* Assets.xcassets */,
				041DA5E51F04DC300009B642 /* LaunchScreen.storyboard */,
				041DA5E81F04DC300009B642 /* Info.plist */,
			);
			path = FoodTrackerDemo;
			sourceTree = "<group>";
		};
/* End PBXGroup section */

/* Begin PBXNativeTarget section */
		041DA5D81F04DC300009B642 /* FoodTrackerDemo */ = {
			isa = PBXNativeTarget;
			buildConfigurationList = 041DA5EB1F04DC300009B642 /* Build configuration list for PBXNativeTarget "FoodTrackerDemo" */;
			buildPhases = (
				041DA5D51F04DC300009B642 /* Sources */,
				041DA5D61F04DC300009B642 /* Frameworks */,
				041DA5D71F04DC300009B642 /* Resources */,
			);
			buildRules = (
			);
			dependencies = (
			);
			name = FoodTrackerDemo;
			productName = FoodTrackerDemo;
			productReference = 041DA5D91F04DC300009B642 /* FoodTrackerDemo.app */;
			productType = "com.apple.product-type.application";
		};
/* End PBXNativeTarget section */

/* Begin PBXProject section */
		041DA5D11F04DC300009B642 /* Project object */ = {
			isa = PBXProject;
			attributes = {
				LastSwiftUpdateCheck = 0820;
				LastUpgradeCheck = 0820;
				ORGANIZATIONNAME = mac;
				TargetAttributes = {
					041DA5D81F04DC300009B642 = {
						CreatedOnToolsVersion = 8.2;
						ProvisioningStyle = Automatic;
					};
				};
			};
			buildConfigurationList = 041DA5D41F04DC300009B642 /* Build configuration list for PBXProject "FoodTrackerDemo" */;
			compatibilityVersion = "Xcode 3.2";
			developmentRegion = English;
			hasScannedForEncodings = 0;
			knownRegions = (
				en,
				Base,
			);
			mainGroup = 041DA5D01F04DC300009B642;
			productRefGroup = 041DA5DA1F04DC300009B642 /* Products */;
			projectDirPath = "";
			projectRoot = "";
			targets = (
				041DA5D81F04DC300009B642 /* FoodTrackerDemo */,
			);
		};
/* End PBXProject section */

/* Begin PBXResourcesBuildPhase section */
		041DA5D71F04DC300009B642 /* Resources */ = {
			isa = PBXResourcesBuildPhase;
			buildActionMask = 2147483647;
			files = (
				041DA5E71F04DC300009B642 /* LaunchScreen.storyboard in Resources */,
				041DA5E41F04DC300009B642 /* Assets.xcassets in Resources */,
				041DA5E21F04DC300009B642 /* Main.storyboard in Resources */,
			);
			runOnlyForDeploymentPostprocessing = 0;
		};
/* End PBXResourcesBuildPhase section */

/* Begin PBXSourcesBuildPhase section */
		041DA5D51F04DC300009B642 /* Sources */ = {
			isa = PBXSourcesBuildPhase;
			buildActionMask = 2147483647;
			files = (
				041DA5DF1F04DC300009B642 /* ViewController.swift in Sources */,
				041DA5DD1F04DC300009B642 /* AppDelegate.swift in Sources */,
			);
			runOnlyForDeploymentPostprocessing = 0;
		};
/* End PBXSourcesBuildPhase section */

/* Begin PBXVariantGroup section */
		041DA5E01F04DC300009B642 /* Main.storyboard */ = {
			isa = PBXVariantGroup;
			children = (
				041DA5E11F04DC300009B642 /* Base */,
			);
			name = Main.storyboard;
			sourceTree = "<group>";
		};
		041DA5E51F04DC300009B642 /* LaunchScreen.storyboard */ = {
			isa = PBXVariantGroup;
			children = (
				041DA5E61F04DC300009B642 /* Base */,
			);
			name = LaunchScreen.storyboard;
			sourceTree = "<group>";
		};
/* End PBXVariantGroup section */

/* Begin XCBuildConfiguration section */
		041DA5E91F04DC300009B642 /* Debug */ = {
			isa = XCBuildConfiguration;
			buildSettings = {
				ALWAYS_SEARCH_USER_PATHS = NO;
				CLANG_ANALYZER_NONNULL = YES;
				CLANG_CXX_LANGUAGE_STANDARD = "gnu++0x";
				CLANG_CXX_LIBRARY = "libc++";
				CLANG_ENABLE_MODULES = YES;
				CLANG_ENABLE_OBJC_ARC = YES;
				CLANG_WARN_BOOL_CONVERSION = YES;
				CLANG_WARN_CONSTANT_CONVERSION = YES;
				CLANG_WARN_DIRECT_OBJC_ISA_USAGE = YES_ERROR;
				CLANG_WARN_DOCUMENTATION_COMMENTS = YES;
				CLANG_WARN_EMPTY_BODY = YES;
				CLANG_WARN_ENUM_CONVERSION = YES;
				CLANG_WARN_INFINITE_RECURSION = YES;
				CLANG_WARN_INT_CONVERSION = YES;
				CLANG_WARN_OBJC_ROOT_CLASS = YES_ERROR;
				CLANG_WARN_SUSPICIOUS_MOVE = YES;
				CLANG_WARN_UNREACHABLE_CODE = YES;
				CLANG_WARN__DUPLICATE_METHOD_MATCH = YES;
				"CODE_SIGN_IDENTITY[sdk=iphoneos*]" = "iPhone Developer";
				COPY_PHASE_STRIP = NO;
				DEBUG_INFORMATION_FORMAT = dwarf;
				ENABLE_STRICT_OBJC_MSGSEND = YES;
				ENABLE_TESTABILITY = YES;
				GCC_C_LANGUAGE_STANDARD = gnu99;
				GCC_DYNAMIC_NO_PIC = NO;
				GCC_NO_COMMON_BLOCKS = YES;
				GCC_OPTIMIZATION_LEVEL = 0;
				GCC_PREPROCESSOR_DEFINITIONS = (
					"DEBUG=1",
					"$(inherited)",
				);
				GCC_WARN_64_TO_32_BIT_CONVERSION = YES;
				GCC_WARN_ABOUT_RETURN_TYPE = YES_ERROR;
				GCC_WARN_UNDECLARED_SELECTOR = YES;
				GCC_WARN_UNINITIALIZED_AUTOS = YES_AGGRESSIVE;
				GCC_WARN_UNUSED_FUNCTION = YES;
				GCC_WARN_UNUSED_VARIABLE = YES;
				IPHONEOS_DEPLOYMENT_TARGET = 10.2;
				MTL_ENABLE_DEBUG_INFO = YES;
				ONLY_ACTIVE_ARCH = YES;
				SDKROOT = iphoneos;
				SWIFT_ACTIVE_COMPILATION_CONDITIONS = DEBUG;
				SWIFT_OPTIMIZATION_LEVEL = "-Onone";
				TARGETED_DEVICE_FAMILY = "1,2";
			};
			name = Debug;
		};
		041DA5EA1F04DC300009B642 /* Release */ = {
			isa = XCBuildConfiguration;
			buildSettings = {
				ALWAYS_SEARCH_USER_PATHS = NO;
				CLANG_ANALYZER_NONNULL = YES;
				CLANG_CXX_LANGUAGE_STANDARD = "gnu++0x";
				CLANG_CXX_LIBRARY = "libc++";
				CLANG_ENABLE_MODULES = YES;
				CLANG_ENABLE_OBJC_ARC = YES;
				CLANG_WARN_BOOL_CONVERSION = YES;
				CLANG_WARN_CONSTANT_CONVERSION = YES;
				CLANG_WARN_DIRECT_OBJC_ISA_USAGE = YES_ERROR;
				CLANG_WARN_DOCUMENTATION_COMMENTS = YES;
				CLANG_WARN_EMPTY_BODY = YES;
				CLANG_WARN_ENUM_CONVERSION = YES;
				CLANG_WARN_INFINITE_RECURSION = YES;
				CLANG_WARN_INT_CONVERSION = YES;
				CLANG_WARN_OBJC_ROOT_CLASS = YES_ERROR;
				CLANG_WARN_SUSPICIOUS_MOVE = YES;
				CLANG_WARN_UNREACHABLE_CODE = YES;
				CLANG_WARN__DUPLICATE_METHOD_MATCH = YES;
				"CODE_SIGN_IDENTITY[sdk=iphoneos*]" = "iPhone Developer";
				COPY_PHASE_STRIP = NO;
				DEBUG_INFORMATION_FORMAT = "dwarf-with-dsym";
				ENABLE_NS_ASSERTIONS = NO;
				ENABLE_STRICT_OBJC_MSGSEND = YES;
				GCC_C_LANGUAGE_STANDARD = gnu99;
				GCC_NO_COMMON_BLOCKS = YES;
				GCC_WARN_64_TO_32_BIT_CONVERSION = YES;
				GCC_WARN_ABOUT_RETURN_TYPE = YES_ERROR;
				GCC_WARN_UNDECLARED_SELECTOR = YES;
				GCC_WARN_UNINITIALIZED_AUTOS = YES_AGGRESSIVE;
				GCC_WARN_UNUSED_FUNCTION = YES;
				GCC_WARN_UNUSED_VARIABLE = YES;
				IPHONEOS_DEPLOYMENT_TARGET = 10.2;
				MTL_ENABLE_DEBUG_INFO = NO;
				SDKROOT = iphoneos;
				SWIFT_OPTIMIZATION_LEVEL = "-Owholemodule";
				TARGETED_DEVICE_FAMILY = "1,2";
				VALIDATE_PRODUCT = YES;
			};
			name = Release;
		};
		041DA5EC1F04DC300009B642 /* Debug */ = {
			isa = XCBuildConfiguration;
			buildSettings = {
				ASSETCATALOG_COMPILER_APPICON_NAME = AppIcon;
				INFOPLIST_FILE = FoodTrackerDemo/Info.plist;
				LD_RUNPATH_SEARCH_PATHS = "$(inherited) @executable_path/Frameworks";
				PRODUCT_BUNDLE_IDENTIFIER = jf.FoodTrackerDemo;
				PRODUCT_NAME = "$(TARGET_NAME)";
				SWIFT_VERSION = 3.0;
			};
			name = Debug;
		};
		041DA5ED1F04DC300009B642 /* Release */ = {
			isa = XCBuildConfiguration;
			buildSettings = {
				ASSETCATALOG_COMPILER_APPICON_NAME = AppIcon;
				INFOPLIST_FILE = FoodTrackerDemo/Info.plist;
				LD_RUNPATH_SEARCH_PATHS = "$(inherited) @executable_path/Frameworks";
				PRODUCT_BUNDLE_IDENTIFIER = jf.FoodTrackerDemo;
				PRODUCT_NAME = "$(TARGET_NAME)";
				SWIFT_VERSION = 3.0;
			};
			name = Release;
		};
/* End XCBuildConfiguration section */

/* Begin XCConfigurationList section */
		041DA5D41F04DC300009B642 /* Build configuration list for PBXProject "FoodTrackerDemo" */ = {
			isa = XCConfigurationList;
			buildConfigurations = (
				041DA5E91F04DC300009B642 /* Debug */,
				041DA5EA1F04DC300009B642 /* Release */,
			);
			defaultConfigurationIsVisible = 0;
			defaultConfigurationName = Release;
		};
		041DA5EB1F04DC300009B642 /* Build configuration list for PBXNativeTarget "FoodTrackerDemo" */ = {
			isa = XCConfigurationList;
			buildConfigurations = (
				041DA5EC1F04DC300009B642 /* Debug */,
				041DA5ED1F04DC300009B642 /* Release */,
			);
			defaultConfigurationIsVisible = 0;
		};
/* End XCConfigurationList section */
	};
	rootObject = 041DA5D11F04DC300009B642 /* Project object */;
}
